
Microsoft Visual Studio Solution File, Format Version 12.00
# Visual Studio Version 17
VisualStudioVersion = 17.5.33502.453
MinimumVisualStudioVersion = 10.0.40219.1
Project("{FAE04EC0-301F-11D3-BF4B-00C04F79EFBC}") = "StructuredLoggingWithSerilog", "StructuredLoggingWithSerilog\StructuredLoggingWithSerilog.csproj", "{2812948D-6264-4145-B6A0-47AE2112F36B}"
EndProject
Global
	GlobalSection(SolutionConfigurationPlatforms) = preSolution
		Debug|Any CPU = Debug|Any CPU
		Release|Any CPU = Release|Any CPU
	EndGlobalSection
	GlobalSection(ProjectConfigurationPlatforms) = postSolution
		{2812948D-6264-4145-B6A0-47AE2112F36B}.Debug|Any CPU.ActiveCfg = Debug|Any CPU
		{2812948D-6264-4145-B6A0-47AE2112F36B}.Debug|Any CPU.Build.0 = Debug|Any CPU
		{2812948D-6264-4145-B6A0-47AE2112F36B}.Release|Any CPU.ActiveCfg = Release|Any CPU
		{2812948D-6264-4145-B6A0-47AE2112F36B}.Release|Any CPU.Build.0 = Release|Any CPU
	EndGlobalSection
	GlobalSection(SolutionProperties) = preSolution
		HideSolutionNode = FALSE
	EndGlobalSection
	GlobalSection(ExtensibilityGlobals) = postSolution
		SolutionGuid = {4E727E86-7242-4468-8554-5F0B39B3F6DB}
	EndGlobalSection
EndGlobal
